
Microsoft Visual Studio Solution File, Format Version 12.00
# Visual Studio 15
VisualStudioVersion = 15.0.26730.12
MinimumVisualStudioVersion = 10.0.40219.1
Project("{9A19103F-16F7-4668-BE54-9A1E7A4F7556}") = "ContosoUniverity", "ContosoUniverity\ContosoUniverity.csproj", "{40D5CBDA-0577-42CE-A449-9736E526DB35}"
EndProject
Project("{FAE04EC0-301F-11D3-BF4B-00C04F79EFBC}") = "TestFunc", "TestFunc\TestFunc.csproj", "{04E0A7EE-53A8-491E-8F8E-F741BE96FC8B}"
EndProject
Global
	GlobalSection(SolutionConfigurationPlatforms) = preSolution
		Debug|Any CPU = Debug|Any CPU
		Release|Any CPU = Release|Any CPU
	EndGlobalSection
	GlobalSection(ProjectConfigurationPlatforms) = postSolution
		{40D5CBDA-0577-42CE-A449-9736E526DB35}.Debug|Any CPU.ActiveCfg = Debug|Any CPU
		{40D5CBDA-0577-42CE-A449-9736E526DB35}.Debug|Any CPU.Build.0 = Debug|Any CPU
		{40D5CBDA-0577-42CE-A449-9736E526DB35}.Release|Any CPU.ActiveCfg = Release|Any CPU
		{40D5CBDA-0577-42CE-A449-9736E526DB35}.Release|Any CPU.Build.0 = Release|Any CPU
		{04E0A7EE-53A8-491E-8F8E-F741BE96FC8B}.Debug|Any CPU.ActiveCfg = Debug|Any CPU
		{04E0A7EE-53A8-491E-8F8E-F741BE96FC8B}.Debug|Any CPU.Build.0 = Debug|Any CPU
		{04E0A7EE-53A8-491E-8F8E-F741BE96FC8B}.Release|Any CPU.ActiveCfg = Release|Any CPU
		{04E0A7EE-53A8-491E-8F8E-F741BE96FC8B}.Release|Any CPU.Build.0 = Release|Any CPU
	EndGlobalSection
	GlobalSection(SolutionProperties) = preSolution
		HideSolutionNode = FALSE
	EndGlobalSection
	GlobalSection(ExtensibilityGlobals) = postSolution
		SolutionGuid = {E565443D-047D-4A01-8745-33F29BDDAD11}
	EndGlobalSection
EndGlobal
